{
  "requires": true,
  "lockfileVersion": 1,
  "dependencies": {
    "prettier": {
      "version": "1.12.1",
      "resolved": "http://registry.npm.taobao.org/prettier/download/prettier-1.12.1.tgz",
      "integrity": "sha1-wa0g6APndJ+vkFpAnSNn4Gu+cyU="
    },
    "uview-ui": {
      "version": "file:uview-ui"
    },
    "vuex": {
      "version": "3.6.2",
      "resolved": "https://registry.npmjs.org/vuex/-/vuex-3.6.2.tgz",
      "integrity": "sha512-ETW44IqCgBpVomy520DT5jf8n0zoCac+sxWnn+hMe/CzaSejb/eVw2YToiXYX+Ex/AuHHia28vWTq4goAexFbw=="
    }
  }
}
